
Microsoft Visual Studio Solution File, Format Version 12.00
# Visual Studio Version 16
VisualStudioVersion = 16.0.30320.27
MinimumVisualStudioVersion = 10.0.40219.1
Project("{FAE04EC0-301F-11D3-BF4B-00C04F79EFBC}") = "AplicatieConsolaAgentieTursim", "AplicatieConsolaAgentieTursim\AplicatieConsolaAgentieTursim.csproj", "{F9AA1AAF-CA4E-4729-9F91-FF05120EC32F}"
EndProject
Global
	GlobalSection(SolutionConfigurationPlatforms) = preSolution
		Debug|Any CPU = Debug|Any CPU
		Release|Any CPU = Release|Any CPU
	EndGlobalSection
	GlobalSection(ProjectConfigurationPlatforms) = postSolution
		{F9AA1AAF-CA4E-4729-9F91-FF05120EC32F}.Debug|Any CPU.ActiveCfg = Debug|Any CPU
		{F9AA1AAF-CA4E-4729-9F91-FF05120EC32F}.Debug|Any CPU.Build.0 = Debug|Any CPU
		{F9AA1AAF-CA4E-4729-9F91-FF05120EC32F}.Release|Any CPU.ActiveCfg = Release|Any CPU
		{F9AA1AAF-CA4E-4729-9F91-FF05120EC32F}.Release|Any CPU.Build.0 = Release|Any CPU
	EndGlobalSection
	GlobalSection(SolutionProperties) = preSolution
		HideSolutionNode = FALSE
	EndGlobalSection
	GlobalSection(ExtensibilityGlobals) = postSolution
		SolutionGuid = {BCC3AC9E-94D3-480D-8195-C2422EA47FCA}
	EndGlobalSection
EndGlobal
